{
  "name": "phase0",
  "version": "1.0.0",
  "lockfileVersion": 3,
  "requires": true,
  "packages": {
    "": {
      "name": "phase0",
      "version": "1.0.0",
      "license": "ISC",
      "dependencies": {
        "fairy-stockfish-nnue.wasm": "^1.1.11",
        "ffish": "^0.7.9"
      }
    },
    "node_modules/fairy-stockfish-nnue.wasm": {
      "version": "1.1.11",
      "resolved": "https://registry.npmjs.org/fairy-stockfish-nnue.wasm/-/fairy-stockfish-nnue.wasm-1.1.11.tgz",
      "integrity": "sha512-D5pocLErreRW+S1EPhprfeKo7iVWzLBIgWp5e8oRySDuNXopill2fRamUBRW4syWLAo4GMRr4noiE5b5F2sRkQ==",
      "license": "GPL-3.0"
    },
    "node_modules/ffish": {
      "version": "0.7.9",
      "resolved": "https://registry.npmjs.org/ffish/-/ffish-0.7.9.tgz",
      "integrity": "sha512-tj1uWiFJO4Sght1GDZhWOqo6lUYPDs7eo1GAu6kb26WJ3S1hsC6nIj6dNN6uFkJnx8TmXfWRBWmIeqLmmJMRGg==",
      "license": "GPL-3.0"
    }
  }
}
